// !$*UTF8*$!
{
	archiveVersion = 1;
	classes = {
	};
	objectVersion = 50;
	objects = {

/* Begin PBXBuildFile section */
		CE1EE2482400D5BB008B7303 /* PhotosCollectionResponse.swift in Sources */ = {isa = PBXBuildFile; fileRef = CE1EE2472400D5BB008B7303 /* PhotosCollectionResponse.swift */; };
		CE1EE24A2400D70A008B7303 /* PhotoResponse.swift in Sources */ = {isa = PBXBuildFile; fileRef = CE1EE2492400D70A008B7303 /* PhotoResponse.swift */; };
		CE1EE24C2400D882008B7303 /* SearchResponse.swift in Sources */ = {isa = PBXBuildFile; fileRef = CE1EE24B2400D882008B7303 /* SearchResponse.swift */; };
		CE1EE24E2400EE69008B7303 /* ErrorResponse.swift in Sources */ = {isa = PBXBuildFile; fileRef = CE1EE24D2400EE69008B7303 /* ErrorResponse.swift */; };
		CE1EE2512400EF88008B7303 /* UIHelper.swift in Sources */ = {isa = PBXBuildFile; fileRef = CE1EE2502400EF88008B7303 /* UIHelper.swift */; };
		CE1EE2532400F2D8008B7303 /* FlickerApiCaller.swift in Sources */ = {isa = PBXBuildFile; fileRef = CE1EE2522400F2D8008B7303 /* FlickerApiCaller.swift */; };
		CEAC40CE2400CB4A00ABAE58 /* ApiHelper.swift in Sources */ = {isa = PBXBuildFile; fileRef = CEAC40CD2400CB4A00ABAE58 /* ApiHelper.swift */; };
		CEAC40D62400D00500ABAE58 /* Virtual_TouristTests.swift in Sources */ = {isa = PBXBuildFile; fileRef = CEAC40D52400D00500ABAE58 /* Virtual_TouristTests.swift */; };
		CEAC40E02400D11F00ABAE58 /* MapViewController.swift in Sources */ = {isa = PBXBuildFile; fileRef = CEAC40DF2400D11F00ABAE58 /* MapViewController.swift */; };
		CEBBFBB623F8F9F300616B98 /* AppDelegate.swift in Sources */ = {isa = PBXBuildFile; fileRef = CEBBFBB523F8F9F300616B98 /* AppDelegate.swift */; };
		CEBBFBB823F8F9F300616B98 /* SceneDelegate.swift in Sources */ = {isa = PBXBuildFile; fileRef = CEBBFBB723F8F9F300616B98 /* SceneDelegate.swift */; };
		CEBBFBBD23F8F9F300616B98 /* Main.storyboard in Resources */ = {isa = PBXBuildFile; fileRef = CEBBFBBB23F8F9F300616B98 /* Main.storyboard */; };
		CEBBFBC023F8F9F300616B98 /* Virtual_Tourist.xcdatamodeld in Sources */ = {isa = PBXBuildFile; fileRef = CEBBFBBE23F8F9F300616B98 /* Virtual_Tourist.xcdatamodeld */; };
		CEBBFBC223F8F9F500616B98 /* Assets.xcassets in Resources */ = {isa = PBXBuildFile; fileRef = CEBBFBC123F8F9F500616B98 /* Assets.xcassets */; };
		CEBBFBC523F8F9F500616B98 /* LaunchScreen.storyboard in Resources */ = {isa = PBXBuildFile; fileRef = CEBBFBC323F8F9F500616B98 /* LaunchScreen.storyboard */; };
/* End PBXBuildFile section */

/* Begin PBXContainerItemProxy section */
		CEAC40D82400D00500ABAE58 /* PBXContainerItemProxy */ = {
			isa = PBXContainerItemProxy;
			containerPortal = CEBBFBAA23F8F9F300616B98 /* Project object */;
			proxyType = 1;
			remoteGlobalIDString = CEBBFBB123F8F9F300616B98;
			remoteInfo = "Virtual Tourist";
		};
/* End PBXContainerItemProxy section */

/* Begin PBXFileReference section */
		CE1EE2472400D5BB008B7303 /* PhotosCollectionResponse.swift */ = {isa = PBXFileReference; lastKnownFileType = sourcecode.swift; path = PhotosCollectionResponse.swift; sourceTree = "<group>"; };
		CE1EE2492400D70A008B7303 /* PhotoResponse.swift */ = {isa = PBXFileReference; lastKnownFileType = sourcecode.swift; path = PhotoResponse.swift; sourceTree = "<group>"; };
		CE1EE24B2400D882008B7303 /* SearchResponse.swift */ = {isa = PBXFileReference; lastKnownFileType = sourcecode.swift; path = SearchResponse.swift; sourceTree = "<group>"; };
		CE1EE24D2400EE69008B7303 /* ErrorResponse.swift */ = {isa = PBXFileReference; lastKnownFileType = sourcecode.swift; path = ErrorResponse.swift; sourceTree = "<group>"; };
		CE1EE2502400EF88008B7303 /* UIHelper.swift */ = {isa = PBXFileReference; lastKnownFileType = sourcecode.swift; path = UIHelper.swift; sourceTree = "<group>"; };
		CE1EE2522400F2D8008B7303 /* FlickerApiCaller.swift */ = {isa = PBXFileReference; lastKnownFileType = sourcecode.swift; path = FlickerApiCaller.swift; sourceTree = "<group>"; };
		CEAC40CD2400CB4A00ABAE58 /* ApiHelper.swift */ = {isa = PBXFileReference; lastKnownFileType = sourcecode.swift; path = ApiHelper.swift; sourceTree = "<group>"; };
		CEAC40D32400D00500ABAE58 /* Virtual TouristTests.xctest */ = {isa = PBXFileReference; explicitFileType = wrapper.cfbundle; includeInIndex = 0; path = "Virtual TouristTests.xctest"; sourceTree = BUILT_PRODUCTS_DIR; };
		CEAC40D52400D00500ABAE58 /* Virtual_TouristTests.swift */ = {isa = PBXFileReference; lastKnownFileType = sourcecode.swift; path = Virtual_TouristTests.swift; sourceTree = "<group>"; };
		CEAC40D72400D00500ABAE58 /* Info.plist */ = {isa = PBXFileReference; lastKnownFileType = text.plist.xml; path = Info.plist; sourceTree = "<group>"; };
		CEAC40DF2400D11F00ABAE58 /* MapViewController.swift */ = {isa = PBXFileReference; lastKnownFileType = sourcecode.swift; path = MapViewController.swift; sourceTree = "<group>"; };
		CEBBFBB223F8F9F300616B98 /* Virtual Tourist.app */ = {isa = PBXFileReference; explicitFileType = wrapper.application; includeInIndex = 0; path = "Virtual Tourist.app"; sourceTree = BUILT_PRODUCTS_DIR; };
		CEBBFBB523F8F9F300616B98 /* AppDelegate.swift */ = {isa = PBXFileReference; lastKnownFileType = sourcecode.swift; path = AppDelegate.swift; sourceTree = "<group>"; };
		CEBBFBB723F8F9F300616B98 /* SceneDelegate.swift */ = {isa = PBXFileReference; lastKnownFileType = sourcecode.swift; path = SceneDelegate.swift; sourceTree = "<group>"; };
		CEBBFBBC23F8F9F300616B98 /* Base */ = {isa = PBXFileReference; lastKnownFileType = file.storyboard; name = Base; path = Base.lproj/Main.storyboard; sourceTree = "<group>"; };
		CEBBFBBF23F8F9F300616B98 /* Virtual_Tourist.xcdatamodel */ = {isa = PBXFileReference; lastKnownFileType = wrapper.xcdatamodel; path = Virtual_Tourist.xcdatamodel; sourceTree = "<group>"; };
		CEBBFBC123F8F9F500616B98 /* Assets.xcassets */ = {isa = PBXFileReference; lastKnownFileType = folder.assetcatalog; path = Assets.xcassets; sourceTree = "<group>"; };
		CEBBFBC423F8F9F500616B98 /* Base */ = {isa = PBXFileReference; lastKnownFileType = file.storyboard; name = Base; path = Base.lproj/LaunchScreen.storyboard; sourceTree = "<group>"; };
		CEBBFBC623F8F9F500616B98 /* Info.plist */ = {isa = PBXFileReference; lastKnownFileType = text.plist.xml; path = Info.plist; sourceTree = "<group>"; };
/* End PBXFileReference section */

/* Begin PBXFrameworksBuildPhase section */
		CEAC40D02400D00500ABAE58 /* Frameworks */ = {
			isa = PBXFrameworksBuildPhase;
			buildActionMask = 2147483647;
			files = (
			);
			runOnlyForDeploymentPostprocessing = 0;
		};
		CEBBFBAF23F8F9F300616B98 /* Frameworks */ = {
			isa = PBXFrameworksBuildPhase;
			buildActionMask = 2147483647;
			files = (
			);
			runOnlyForDeploymentPostprocessing = 0;
		};
/* End PBXFrameworksBuildPhase section */

/* Begin PBXGroup section */
		CE1EE2462400D5A0008B7303 /* HttpRepose */ = {
			isa = PBXGroup;
			children = (
				CE1EE2472400D5BB008B7303 /* PhotosCollectionResponse.swift */,
				CE1EE2492400D70A008B7303 /* PhotoResponse.swift */,
				CE1EE24B2400D882008B7303 /* SearchResponse.swift */,
				CE1EE24D2400EE69008B7303 /* ErrorResponse.swift */,
			);
			path = HttpRepose;
			sourceTree = "<group>";
		};
		CE1EE24F2400EF7D008B7303 /* Utils */ = {
			isa = PBXGroup;
			children = (
				CE1EE2502400EF88008B7303 /* UIHelper.swift */,
			);
			path = Utils;
			sourceTree = "<group>";
		};
		CE34916D23FACBCE003CEB1C /* View */ = {
			isa = PBXGroup;
			children = (
				CEBBFBBB23F8F9F300616B98 /* Main.storyboard */,
				CEBBFBC123F8F9F500616B98 /* Assets.xcassets */,
				CEBBFBC323F8F9F500616B98 /* LaunchScreen.storyboard */,
			);
			path = View;
			sourceTree = "<group>";
		};
		CE34916E23FACBD7003CEB1C /* Model */ = {
			isa = PBXGroup;
			children = (
				CE1EE2462400D5A0008B7303 /* HttpRepose */,
			);
			path = Model;
			sourceTree = "<group>";
		};
		CE34916F23FACBDC003CEB1C /* Controller */ = {
			isa = PBXGroup;
			children = (
				CE34917223FACC25003CEB1C /* App */,
				CEAC40DF2400D11F00ABAE58 /* MapViewController.swift */,
			);
			path = Controller;
			sourceTree = "<group>";
		};
		CE34917023FACBE4003CEB1C /* Networking */ = {
			isa = PBXGroup;
			children = (
				CEAC40CD2400CB4A00ABAE58 /* ApiHelper.swift */,
				CE1EE2522400F2D8008B7303 /* FlickerApiCaller.swift */,
			);
			path = Networking;
			sourceTree = "<group>";
		};
		CE34917123FACBED003CEB1C /* Database */ = {
			isa = PBXGroup;
			children = (
				CEBBFBBE23F8F9F300616B98 /* Virtual_Tourist.xcdatamodeld */,
			);
			path = Database;
			sourceTree = "<group>";
		};
		CE34917223FACC25003CEB1C /* App */ = {
			isa = PBXGroup;
			children = (
				CEBBFBB523F8F9F300616B98 /* AppDelegate.swift */,
				CEBBFBB723F8F9F300616B98 /* SceneDelegate.swift */,
			);
			path = App;
			sourceTree = "<group>";
		};
		CEAC40D42400D00500ABAE58 /* Virtual TouristTests */ = {
			isa = PBXGroup;
			children = (
				CEAC40D52400D00500ABAE58 /* Virtual_TouristTests.swift */,
				CEAC40D72400D00500ABAE58 /* Info.plist */,
			);
			path = "Virtual TouristTests";
			sourceTree = "<group>";
		};
		CEBBFBA923F8F9F300616B98 = {
			isa = PBXGroup;
			children = (
				CEBBFBB423F8F9F300616B98 /* Virtual Tourist */,
				CEAC40D42400D00500ABAE58 /* Virtual TouristTests */,
				CEBBFBB323F8F9F300616B98 /* Products */,
			);
			sourceTree = "<group>";
		};
		CEBBFBB323F8F9F300616B98 /* Products */ = {
			isa = PBXGroup;
			children = (
				CEBBFBB223F8F9F300616B98 /* Virtual Tourist.app */,
				CEAC40D32400D00500ABAE58 /* Virtual TouristTests.xctest */,
			);
			name = Products;
			sourceTree = "<group>";
		};
		CEBBFBB423F8F9F300616B98 /* Virtual Tourist */ = {
			isa = PBXGroup;
			children = (
				CE1EE24F2400EF7D008B7303 /* Utils */,
				CE34917123FACBED003CEB1C /* Database */,
				CE34917023FACBE4003CEB1C /* Networking */,
				CE34916F23FACBDC003CEB1C /* Controller */,
				CE34916E23FACBD7003CEB1C /* Model */,
				CE34916D23FACBCE003CEB1C /* View */,
				CEBBFBC623F8F9F500616B98 /* Info.plist */,
			);
			path = "Virtual Tourist";
			sourceTree = "<group>";
		};
/* End PBXGroup section */

/* Begin PBXNativeTarget section */
		CEAC40D22400D00500ABAE58 /* Virtual TouristTests */ = {
			isa = PBXNativeTarget;
			buildConfigurationList = CEAC40DA2400D00500ABAE58 /* Build configuration list for PBXNativeTarget "Virtual TouristTests" */;
			buildPhases = (
				CEAC40CF2400D00500ABAE58 /* Sources */,
				CEAC40D02400D00500ABAE58 /* Frameworks */,
				CEAC40D12400D00500ABAE58 /* Resources */,
			);
			buildRules = (
			);
			dependencies = (
				CEAC40D92400D00500ABAE58 /* PBXTargetDependency */,
			);
			name = "Virtual TouristTests";
			productName = "Virtual TouristTests";
			productReference = CEAC40D32400D00500ABAE58 /* Virtual TouristTests.xctest */;
			productType = "com.apple.product-type.bundle.unit-test";
		};
		CEBBFBB123F8F9F300616B98 /* Virtual Tourist */ = {
			isa = PBXNativeTarget;
			buildConfigurationList = CEBBFBC923F8F9F500616B98 /* Build configuration list for PBXNativeTarget "Virtual Tourist" */;
			buildPhases = (
				CEBBFBAE23F8F9F300616B98 /* Sources */,
				CEBBFBAF23F8F9F300616B98 /* Frameworks */,
				CEBBFBB023F8F9F300616B98 /* Resources */,
			);
			buildRules = (
			);
			dependencies = (
			);
			name = "Virtual Tourist";
			productName = "Virtual Tourist";
			productReference = CEBBFBB223F8F9F300616B98 /* Virtual Tourist.app */;
			productType = "com.apple.product-type.application";
		};
/* End PBXNativeTarget section */

/* Begin PBXProject section */
		CEBBFBAA23F8F9F300616B98 /* Project object */ = {
			isa = PBXProject;
			attributes = {
				LastSwiftUpdateCheck = 1130;
				LastUpgradeCheck = 1130;
				ORGANIZATIONNAME = Andalus;
				TargetAttributes = {
					CEAC40D22400D00500ABAE58 = {
						CreatedOnToolsVersion = 11.3;
						TestTargetID = CEBBFBB123F8F9F300616B98;
					};
					CEBBFBB123F8F9F300616B98 = {
						CreatedOnToolsVersion = 11.3;
					};
				};
			};
			buildConfigurationList = CEBBFBAD23F8F9F300616B98 /* Build configuration list for PBXProject "Virtual Tourist" */;
			compatibilityVersion = "Xcode 9.3";
			developmentRegion = en;
			hasScannedForEncodings = 0;
			knownRegions = (
				en,
				Base,
			);
			mainGroup = CEBBFBA923F8F9F300616B98;
			productRefGroup = CEBBFBB323F8F9F300616B98 /* Products */;
			projectDirPath = "";
			projectRoot = "";
			targets = (
				CEBBFBB123F8F9F300616B98 /* Virtual Tourist */,
				CEAC40D22400D00500ABAE58 /* Virtual TouristTests */,
			);
		};
/* End PBXProject section */

/* Begin PBXResourcesBuildPhase section */
		CEAC40D12400D00500ABAE58 /* Resources */ = {
			isa = PBXResourcesBuildPhase;
			buildActionMask = 2147483647;
			files = (
			);
			runOnlyForDeploymentPostprocessing = 0;
		};
		CEBBFBB023F8F9F300616B98 /* Resources */ = {
			isa = PBXResourcesBuildPhase;
			buildActionMask = 2147483647;
			files = (
				CEBBFBC523F8F9F500616B98 /* LaunchScreen.storyboard in Resources */,
				CEBBFBC223F8F9F500616B98 /* Assets.xcassets in Resources */,
				CEBBFBBD23F8F9F300616B98 /* Main.storyboard in Resources */,
			);
			runOnlyForDeploymentPostprocessing = 0;
		};
/* End PBXResourcesBuildPhase section */

/* Begin PBXSourcesBuildPhase section */
		CEAC40CF2400D00500ABAE58 /* Sources */ = {
			isa = PBXSourcesBuildPhase;
			buildActionMask = 2147483647;
			files = (
				CEAC40D62400D00500ABAE58 /* Virtual_TouristTests.swift in Sources */,
			);
			runOnlyForDeploymentPostprocessing = 0;
		};
		CEBBFBAE23F8F9F300616B98 /* Sources */ = {
			isa = PBXSourcesBuildPhase;
			buildActionMask = 2147483647;
			files = (
				CEBBFBC023F8F9F300616B98 /* Virtual_Tourist.xcdatamodeld in Sources */,
				CE1EE2482400D5BB008B7303 /* PhotosCollectionResponse.swift in Sources */,
				CE1EE24A2400D70A008B7303 /* PhotoResponse.swift in Sources */,
				CE1EE2512400EF88008B7303 /* UIHelper.swift in Sources */,
				CEAC40CE2400CB4A00ABAE58 /* ApiHelper.swift in Sources */,
				CE1EE2532400F2D8008B7303 /* FlickerApiCaller.swift in Sources */,
				CE1EE24C2400D882008B7303 /* SearchResponse.swift in Sources */,
				CEBBFBB623F8F9F300616B98 /* AppDelegate.swift in Sources */,
				CE1EE24E2400EE69008B7303 /* ErrorResponse.swift in Sources */,
				CEAC40E02400D11F00ABAE58 /* MapViewController.swift in Sources */,
				CEBBFBB823F8F9F300616B98 /* SceneDelegate.swift in Sources */,
			);
			runOnlyForDeploymentPostprocessing = 0;
		};
/* End PBXSourcesBuildPhase section */

/* Begin PBXTargetDependency section */
		CEAC40D92400D00500ABAE58 /* PBXTargetDependency */ = {
			isa = PBXTargetDependency;
			target = CEBBFBB123F8F9F300616B98 /* Virtual Tourist */;
			targetProxy = CEAC40D82400D00500ABAE58 /* PBXContainerItemProxy */;
		};
/* End PBXTargetDependency section */

/* Begin PBXVariantGroup section */
		CEBBFBBB23F8F9F300616B98 /* Main.storyboard */ = {
			isa = PBXVariantGroup;
			children = (
				CEBBFBBC23F8F9F300616B98 /* Base */,
			);
			name = Main.storyboard;
			sourceTree = "<group>";
		};
		CEBBFBC323F8F9F500616B98 /* LaunchScreen.storyboard */ = {
			isa = PBXVariantGroup;
			children = (
				CEBBFBC423F8F9F500616B98 /* Base */,
			);
			name = LaunchScreen.storyboard;
			sourceTree = "<group>";
		};
/* End PBXVariantGroup section */

/* Begin XCBuildConfiguration section */
		CEAC40DB2400D00500ABAE58 /* Debug */ = {
			isa = XCBuildConfiguration;
			buildSettings = {
				BUNDLE_LOADER = "$(TEST_HOST)";
				CODE_SIGN_STYLE = Automatic;
				INFOPLIST_FILE = "Virtual TouristTests/Info.plist";
				LD_RUNPATH_SEARCH_PATHS = (
					"$(inherited)",
					"@executable_path/Frameworks",
					"@loader_path/Frameworks",
				);
				PRODUCT_BUNDLE_IDENTIFIER = "com.andalus.Virtual-TouristTests";
				PRODUCT_NAME = "$(TARGET_NAME)";
				SWIFT_VERSION = 5.0;
				TARGETED_DEVICE_FAMILY = "1,2";
				TEST_HOST = "$(BUILT_PRODUCTS_DIR)/Virtual Tourist.app/Virtual Tourist";
			};
			name = Debug;
		};
		CEAC40DC2400D00500ABAE58 /* Release */ = {
			isa = XCBuildConfiguration;
			buildSettings = {
				BUNDLE_LOADER = "$(TEST_HOST)";
				CODE_SIGN_STYLE = Automatic;
				INFOPLIST_FILE = "Virtual TouristTests/Info.plist";
				LD_RUNPATH_SEARCH_PATHS = (
					"$(inherited)",
					"@executable_path/Frameworks",
					"@loader_path/Frameworks",
				);
				PRODUCT_BUNDLE_IDENTIFIER = "com.andalus.Virtual-TouristTests";
				PRODUCT_NAME = "$(TARGET_NAME)";
				SWIFT_VERSION = 5.0;
				TARGETED_DEVICE_FAMILY = "1,2";
				TEST_HOST = "$(BUILT_PRODUCTS_DIR)/Virtual Tourist.app/Virtual Tourist";
			};
			name = Release;
		};
		CEBBFBC723F8F9F500616B98 /* Debug */ = {
			isa = XCBuildConfiguration;
			buildSettings = {
				ALWAYS_SEARCH_USER_PATHS = NO;
				CLANG_ANALYZER_NONNULL = YES;
				CLANG_ANALYZER_NUMBER_OBJECT_CONVERSION = YES_AGGRESSIVE;
				CLANG_CXX_LANGUAGE_STANDARD = "gnu++14";
				CLANG_CXX_LIBRARY = "libc++";
				CLANG_ENABLE_MODULES = YES;
				CLANG_ENABLE_OBJC_ARC = YES;
				CLANG_ENABLE_OBJC_WEAK = YES;
				CLANG_WARN_BLOCK_CAPTURE_AUTORELEASING = YES;
				CLANG_WARN_BOOL_CONVERSION = YES;
				CLANG_WARN_COMMA = YES;
				CLANG_WARN_CONSTANT_CONVERSION = YES;
				CLANG_WARN_DEPRECATED_OBJC_IMPLEMENTATIONS = YES;
				CLANG_WARN_DIRECT_OBJC_ISA_USAGE = YES_ERROR;
				CLANG_WARN_DOCUMENTATION_COMMENTS = YES;
				CLANG_WARN_EMPTY_BODY = YES;
				CLANG_WARN_ENUM_CONVERSION = YES;
				CLANG_WARN_INFINITE_RECURSION = YES;
				CLANG_WARN_INT_CONVERSION = YES;
				CLANG_WARN_NON_LITERAL_NULL_CONVERSION = YES;
				CLANG_WARN_OBJC_IMPLICIT_RETAIN_SELF = YES;
				CLANG_WARN_OBJC_LITERAL_CONVERSION = YES;
				CLANG_WARN_OBJC_ROOT_CLASS = YES_ERROR;
				CLANG_WARN_RANGE_LOOP_ANALYSIS = YES;
				CLANG_WARN_STRICT_PROTOTYPES = YES;
				CLANG_WARN_SUSPICIOUS_MOVE = YES;
				CLANG_WARN_UNGUARDED_AVAILABILITY = YES_AGGRESSIVE;
				CLANG_WARN_UNREACHABLE_CODE = YES;
				CLANG_WARN__DUPLICATE_METHOD_MATCH = YES;
				COPY_PHASE_STRIP = NO;
				DEBUG_INFORMATION_FORMAT = dwarf;
				ENABLE_STRICT_OBJC_MSGSEND = YES;
				ENABLE_TESTABILITY = YES;
				GCC_C_LANGUAGE_STANDARD = gnu11;
				GCC_DYNAMIC_NO_PIC = NO;
				GCC_NO_COMMON_BLOCKS = YES;
				GCC_OPTIMIZATION_LEVEL = 0;
				GCC_PREPROCESSOR_DEFINITIONS = (
					"DEBUG=1",
					"$(inherited)",
				);
				GCC_WARN_64_TO_32_BIT_CONVERSION = YES;
				GCC_WARN_ABOUT_RETURN_TYPE = YES_ERROR;
				GCC_WARN_UNDECLARED_SELECTOR = YES;
				GCC_WARN_UNINITIALIZED_AUTOS = YES_AGGRESSIVE;
				GCC_WARN_UNUSED_FUNCTION = YES;
				GCC_WARN_UNUSED_VARIABLE = YES;
				IPHONEOS_DEPLOYMENT_TARGET = 13.2;
				MTL_ENABLE_DEBUG_INFO = INCLUDE_SOURCE;
				MTL_FAST_MATH = YES;
				ONLY_ACTIVE_ARCH = YES;
				SDKROOT = iphoneos;
				SWIFT_ACTIVE_COMPILATION_CONDITIONS = DEBUG;
				SWIFT_OPTIMIZATION_LEVEL = "-Onone";
			};
			name = Debug;
		};
		CEBBFBC823F8F9F500616B98 /* Release */ = {
			isa = XCBuildConfiguration;
			buildSettings = {
				ALWAYS_SEARCH_USER_PATHS = NO;
				CLANG_ANALYZER_NONNULL = YES;
				CLANG_ANALYZER_NUMBER_OBJECT_CONVERSION = YES_AGGRESSIVE;
				CLANG_CXX_LANGUAGE_STANDARD = "gnu++14";
				CLANG_CXX_LIBRARY = "libc++";
				CLANG_ENABLE_MODULES = YES;
				CLANG_ENABLE_OBJC_ARC = YES;
				CLANG_ENABLE_OBJC_WEAK = YES;
				CLANG_WARN_BLOCK_CAPTURE_AUTORELEASING = YES;
				CLANG_WARN_BOOL_CONVERSION = YES;
				CLANG_WARN_COMMA = YES;
				CLANG_WARN_CONSTANT_CONVERSION = YES;
				CLANG_WARN_DEPRECATED_OBJC_IMPLEMENTATIONS = YES;
				CLANG_WARN_DIRECT_OBJC_ISA_USAGE = YES_ERROR;
				CLANG_WARN_DOCUMENTATION_COMMENTS = YES;
				CLANG_WARN_EMPTY_BODY = YES;
				CLANG_WARN_ENUM_CONVERSION = YES;
				CLANG_WARN_INFINITE_RECURSION = YES;
				CLANG_WARN_INT_CONVERSION = YES;
				CLANG_WARN_NON_LITERAL_NULL_CONVERSION = YES;
				CLANG_WARN_OBJC_IMPLICIT_RETAIN_SELF = YES;
				CLANG_WARN_OBJC_LITERAL_CONVERSION = YES;
				CLANG_WARN_OBJC_ROOT_CLASS = YES_ERROR;
				CLANG_WARN_RANGE_LOOP_ANALYSIS = YES;
				CLANG_WARN_STRICT_PROTOTYPES = YES;
				CLANG_WARN_SUSPICIOUS_MOVE = YES;
				CLANG_WARN_UNGUARDED_AVAILABILITY = YES_AGGRESSIVE;
				CLANG_WARN_UNREACHABLE_CODE = YES;
				CLANG_WARN__DUPLICATE_METHOD_MATCH = YES;
				COPY_PHASE_STRIP = NO;
				DEBUG_INFORMATION_FORMAT = "dwarf-with-dsym";
				ENABLE_NS_ASSERTIONS = NO;
				ENABLE_STRICT_OBJC_MSGSEND = YES;
				GCC_C_LANGUAGE_STANDARD = gnu11;
				GCC_NO_COMMON_BLOCKS = YES;
				GCC_WARN_64_TO_32_BIT_CONVERSION = YES;
				GCC_WARN_ABOUT_RETURN_TYPE = YES_ERROR;
				GCC_WARN_UNDECLARED_SELECTOR = YES;
				GCC_WARN_UNINITIALIZED_AUTOS = YES_AGGRESSIVE;
				GCC_WARN_UNUSED_FUNCTION = YES;
				GCC_WARN_UNUSED_VARIABLE = YES;
				IPHONEOS_DEPLOYMENT_TARGET = 13.2;
				MTL_ENABLE_DEBUG_INFO = NO;
				MTL_FAST_MATH = YES;
				SDKROOT = iphoneos;
				SWIFT_COMPILATION_MODE = wholemodule;
				SWIFT_OPTIMIZATION_LEVEL = "-O";
				VALIDATE_PRODUCT = YES;
			};
			name = Release;
		};
		CEBBFBCA23F8F9F500616B98 /* Debug */ = {
			isa = XCBuildConfiguration;
			buildSettings = {
				ASSETCATALOG_COMPILER_APPICON_NAME = AppIcon;
				CODE_SIGN_STYLE = Automatic;
				INFOPLIST_FILE = "Virtual Tourist/Info.plist";
				LD_RUNPATH_SEARCH_PATHS = (
					"$(inherited)",
					"@executable_path/Frameworks",
				);
				PRODUCT_BUNDLE_IDENTIFIER = "com.andalus.Virtual-Tourist";
				PRODUCT_NAME = "$(TARGET_NAME)";
				SWIFT_VERSION = 5.0;
				TARGETED_DEVICE_FAMILY = "1,2";
			};
			name = Debug;
		};
		CEBBFBCB23F8F9F500616B98 /* Release */ = {
			isa = XCBuildConfiguration;
			buildSettings = {
				ASSETCATALOG_COMPILER_APPICON_NAME = AppIcon;
				CODE_SIGN_STYLE = Automatic;
				INFOPLIST_FILE = "Virtual Tourist/Info.plist";
				LD_RUNPATH_SEARCH_PATHS = (
					"$(inherited)",
					"@executable_path/Frameworks",
				);
				PRODUCT_BUNDLE_IDENTIFIER = "com.andalus.Virtual-Tourist";
				PRODUCT_NAME = "$(TARGET_NAME)";
				SWIFT_VERSION = 5.0;
				TARGETED_DEVICE_FAMILY = "1,2";
			};
			name = Release;
		};
/* End XCBuildConfiguration section */

/* Begin XCConfigurationList section */
		CEAC40DA2400D00500ABAE58 /* Build configuration list for PBXNativeTarget "Virtual TouristTests" */ = {
			isa = XCConfigurationList;
			buildConfigurations = (
				CEAC40DB2400D00500ABAE58 /* Debug */,
				CEAC40DC2400D00500ABAE58 /* Release */,
			);
			defaultConfigurationIsVisible = 0;
			defaultConfigurationName = Release;
		};
		CEBBFBAD23F8F9F300616B98 /* Build configuration list for PBXProject "Virtual Tourist" */ = {
			isa = XCConfigurationList;
			buildConfigurations = (
				CEBBFBC723F8F9F500616B98 /* Debug */,
				CEBBFBC823F8F9F500616B98 /* Release */,
			);
			defaultConfigurationIsVisible = 0;
			defaultConfigurationName = Release;
		};
		CEBBFBC923F8F9F500616B98 /* Build configuration list for PBXNativeTarget "Virtual Tourist" */ = {
			isa = XCConfigurationList;
			buildConfigurations = (
				CEBBFBCA23F8F9F500616B98 /* Debug */,
				CEBBFBCB23F8F9F500616B98 /* Release */,
			);
			defaultConfigurationIsVisible = 0;
			defaultConfigurationName = Release;
		};
/* End XCConfigurationList section */

/* Begin XCVersionGroup section */
		CEBBFBBE23F8F9F300616B98 /* Virtual_Tourist.xcdatamodeld */ = {
			isa = XCVersionGroup;
			children = (
				CEBBFBBF23F8F9F300616B98 /* Virtual_Tourist.xcdatamodel */,
			);
			currentVersion = CEBBFBBF23F8F9F300616B98 /* Virtual_Tourist.xcdatamodel */;
			path = Virtual_Tourist.xcdatamodeld;
			sourceTree = "<group>";
			versionGroupType = wrapper.xcdatamodel;
		};
/* End XCVersionGroup section */
	};
	rootObject = CEBBFBAA23F8F9F300616B98 /* Project object */;
}
